{
  "name": "vue3-dome",
  "version": "1.0.0",
  "lockfileVersion": 2,
  "requires": true,
  "packages": {
    "": {
      "name": "vue3-dome",
      "version": "1.0.0",
      "license": "ISC",
      "devDependencies": {
        "@dcloudio/uni-app": "^2.0.2-3071120230427001"
      }
    },
    "node_modules/@dcloudio/types": {
      "version": "3.3.3",
      "resolved": "https://registry.npmjs.org/@dcloudio/types/-/types-3.3.3.tgz",
      "integrity": "sha512-xfp88QOJ2fgCzv49HhEGrX0L+3xDsCyyvcoApL7z0J1Lr7tqPUkxqAVBe9zBlKsDX/mO9mNj7NzKIisHfp+fNQ==",
      "dev": true,
      "peer": true
    },
    "node_modules/@dcloudio/uni-app": {
      "version": "2.0.2-3080720230703001",
      "resolved": "https://registry.npmjs.org/@dcloudio/uni-app/-/uni-app-2.0.2-3080720230703001.tgz",
      "integrity": "sha512-zeIEY3LEBVtUuNIQXMeFmEcMI7vcxoBflhs6rQrnBqOwz9l0Fm0UxFS2R3t9VikOpKGQvP1XF2REY+x3b8sUpA==",
      "dev": true,
      "peerDependencies": {
        "@dcloudio/types": "^3.0.15",
        "@vue/composition-api": "^1.7.0"
      }
    },
    "node_modules/@vue/composition-api": {
      "version": "1.7.1",
      "resolved": "https://registry.npmjs.org/@vue/composition-api/-/composition-api-1.7.1.tgz",
      "integrity": "sha512-xDWoEtxGXhH9Ku3ROYX/rzhcpt4v31hpPU5zF3UeVC/qxA3dChmqU8zvTUYoKh3j7rzpNsoFOwqsWG7XPMlaFA==",
      "dev": true,
      "peer": true,
      "peerDependencies": {
        "vue": ">= 2.5 < 2.7"
      }
    },
    "node_modules/vue": {
      "version": "2.6.14",
      "resolved": "https://registry.npmjs.org/vue/-/vue-2.6.14.tgz",
      "integrity": "sha512-x2284lgYvjOMj3Za7kqzRcUSxBboHqtgRE2zlos1qWaOye5yUmHn42LB1250NJBLRwEcdrB0JRwyPTEPhfQjiQ==",
      "dev": true,
      "peer": true
    }
  },
  "dependencies": {
    "@dcloudio/types": {
      "version": "3.3.3",
      "resolved": "https://registry.npmjs.org/@dcloudio/types/-/types-3.3.3.tgz",
      "integrity": "sha512-xfp88QOJ2fgCzv49HhEGrX0L+3xDsCyyvcoApL7z0J1Lr7tqPUkxqAVBe9zBlKsDX/mO9mNj7NzKIisHfp+fNQ==",
      "dev": true,
      "peer": true
    },
    "@dcloudio/uni-app": {
      "version": "2.0.2-3080720230703001",
      "resolved": "https://registry.npmjs.org/@dcloudio/uni-app/-/uni-app-2.0.2-3080720230703001.tgz",
      "integrity": "sha512-zeIEY3LEBVtUuNIQXMeFmEcMI7vcxoBflhs6rQrnBqOwz9l0Fm0UxFS2R3t9VikOpKGQvP1XF2REY+x3b8sUpA==",
      "dev": true,
      "requires": {}
    },
    "@vue/composition-api": {
      "version": "1.7.1",
      "resolved": "https://registry.npmjs.org/@vue/composition-api/-/composition-api-1.7.1.tgz",
      "integrity": "sha512-xDWoEtxGXhH9Ku3ROYX/rzhcpt4v31hpPU5zF3UeVC/qxA3dChmqU8zvTUYoKh3j7rzpNsoFOwqsWG7XPMlaFA==",
      "dev": true,
      "peer": true,
      "requires": {}
    },
    "vue": {
      "version": "2.6.14",
      "resolved": "https://registry.npmjs.org/vue/-/vue-2.6.14.tgz",
      "integrity": "sha512-x2284lgYvjOMj3Za7kqzRcUSxBboHqtgRE2zlos1qWaOye5yUmHn42LB1250NJBLRwEcdrB0JRwyPTEPhfQjiQ==",
      "dev": true,
      "peer": true
    }
  }
}
